
Microsoft Visual Studio Solution File, Format Version 12.00
# Visual Studio Version 16
VisualStudioVersion = 16.0.30717.126
MinimumVisualStudioVersion = 10.0.40219.1
Project("{FAE04EC0-301F-11D3-BF4B-00C04F79EFBC}") = "RazorePagesMovie", "RazorePagesMovie.csproj", "{743DF4FA-8E66-4C80-AE10-CD50826BB926}"
EndProject
Global
	GlobalSection(SolutionConfigurationPlatforms) = preSolution
		Debug|Any CPU = Debug|Any CPU
		Release|Any CPU = Release|Any CPU
	EndGlobalSection
	GlobalSection(ProjectConfigurationPlatforms) = postSolution
		{743DF4FA-8E66-4C80-AE10-CD50826BB926}.Debug|Any CPU.ActiveCfg = Debug|Any CPU
		{743DF4FA-8E66-4C80-AE10-CD50826BB926}.Debug|Any CPU.Build.0 = Debug|Any CPU
		{743DF4FA-8E66-4C80-AE10-CD50826BB926}.Release|Any CPU.ActiveCfg = Release|Any CPU
		{743DF4FA-8E66-4C80-AE10-CD50826BB926}.Release|Any CPU.Build.0 = Release|Any CPU
	EndGlobalSection
	GlobalSection(SolutionProperties) = preSolution
		HideSolutionNode = FALSE
	EndGlobalSection
	GlobalSection(ExtensibilityGlobals) = postSolution
		SolutionGuid = {84AB35A2-8068-4654-AB51-9195BFEA185A}
	EndGlobalSection
EndGlobal
